{
  "version": "5",
  "remote": {
    "https://edge.netlify.com/": "fd941d61d88673d5f28aab283fb86fcc50f08a3bc80ee5470498fcfa88c65cfb",
    "https://edge.netlify.com/bootstrap/config.ts": "6a2ce0e544e15e8f8883a5c18da5948e37fd0f2619f68cb31f3af53c51817025",
    "https://edge.netlify.com/bootstrap/context.ts": "e97240232121e2f369f6546ce961490f34d961ea1ea54be3ff09633e3f08373f",
    "https://edge.netlify.com/bootstrap/cookie.ts": "8b0baae708989ca183c6f3b4ab3d029e6abcbc2e43f93edeb0ff447b3bbc3a05",
    "https://edge.netlify.com/bootstrap/edge_function.ts": "b8253e86aa83c67341f5cfedeba5049d77fbf84dcab7eceff7566b7728ae9b39",
    "https://edge.netlify.com/bootstrap/globals/types.ts": "eaa6148ded3121d8dee62dd91c86e7fe76601df0f3ca8d7962243a30f4c8935f"
  },
  "workspace": {
    "packageJson": {
      "dependencies": [
        "npm:@auth0/auth0-react@^2.22.0",
        "npm:@faker-js/faker@^10.5.0",
        "npm:@netlify/functions@^5.3.0",
        "npm:@tailwindcss/postcss@^4.3.3",
        "npm:@tailwindcss/typography@~0.5.20",
        "npm:@tailwindcss/vite@^4.3.3",
        "npm:@tiptap/extension-image@^3.28.0",
        "npm:@tiptap/extension-text-style@^3.28.0",
        "npm:@tiptap/pm@^3.28.0",
        "npm:@tiptap/react@^3.28.0",
        "npm:@tiptap/starter-kit@^3.28.0",
        "npm:@types/cors@^2.8.19",
        "npm:@types/express@^5.0.6",
        "npm:@types/node@^26.1.1",
        "npm:@types/react-dom@^19.2.3",
        "npm:@types/react@^19.2.17",
        "npm:@typescript-eslint/eslint-plugin@^8.65.0",
        "npm:@typescript-eslint/parser@^8.65.0",
        "npm:@uidotdev/usehooks@^2.4.1",
        "npm:@vitejs/plugin-react@^6.0.3",
        "npm:autoprefixer@^10.5.4",
        "npm:body-parser@^2.3.0",
        "npm:cloudinary@^2.10.0",
        "npm:concurrently@^9.2.4",
        "npm:cors@^2.8.6",
        "npm:daisyui@^5.7.0",
        "npm:dotenv@^17.4.2",
        "npm:eslint-plugin-react-hooks@^7.1.1",
        "npm:eslint-plugin-react-refresh@~0.5.3",
        "npm:eslint@^10.7.0",
        "npm:express@^5.2.1",
        "npm:gh-pages@^6.3.0",
        "npm:lesca-atobtoa@2",
        "npm:lesca-fetcher@^3.0.1",
        "npm:lesca-local-storage@^2.1.1",
        "npm:lesca-node-bunnycdn@^0.0.23",
        "npm:lesca-react-capture-button@^4.0.3",
        "npm:lesca-react-onload@3",
        "npm:lesca-use-tween@^4.0.2",
        "npm:less@^4.7.0",
        "npm:mongoose@^9.8.0",
        "npm:msw@^2.15.0",
        "npm:postcss@^8.5.20",
        "npm:prettier-plugin-tailwindcss@~0.8.1",
        "npm:prettier@^3.9.5",
        "npm:react-dom@^19.2.7",
        "npm:react-icons@^5.7.0",
        "npm:react-loading@^2.0.3",
        "npm:react-router-dom@^7.18.1",
        "npm:react@^19.2.7",
        "npm:serverless-http@4",
        "npm:sharp@~0.35.3",
        "npm:tailwind-merge@^3.6.0",
        "npm:tailwindcss@^4.3.3",
        "npm:ts-toolbelt@^9.6.0",
        "npm:typescript@^7.0.2",
        "npm:vite-plugin-html@^3.2.2",
        "npm:vite-plugin-mkcert@^2.1.0",
        "npm:vite@^8.1.5"
      ]
    }
  }
}
